{
    "_readme": [
        "This file locks the dependencies of your project to a known state",
        "Read more about it at https://getcomposer.org/doc/01-basic-usage.md#installing-dependencies",
        "This file is @generated automatically"
    ],
    "content-hash": "39e9d986d4d1da5c8703e064d03a892d",
    "packages": [
        {
            "name": "evilfreelancer/routeros-api-php",
            "version": "1.7.1",
            "source": {
                "type": "git",
                "url": "https://github.com/EvilFreelancer/routeros-api-php.git",
                "reference": "5351c0c622e06c73e1c64caca453240328b486d4"
            },
            "dist": {
                "type": "zip",
                "url": "https://api.github.com/repos/EvilFreelancer/routeros-api-php/zipball/5351c0c622e06c73e1c64caca453240328b486d4",
                "reference": "5351c0c622e06c73e1c64caca453240328b486d4",
                "shasum": ""
            },
            "require": {
                "ext-sockets": "*",
                "php": "^7.4|^8.0",
                "spatie/ssh": "^1.8"
            },
            "require-dev": {
                "friendsofphp/php-cs-fixer": "^3.0",
                "orchestra/testbench": "^8.0",
                "phpunit/phpunit": "^9.6",
                "squizlabs/php_codesniffer": "^3.5"
            },
            "type": "library",
            "extra": {
                "laravel": {
                    "aliases": {
                        "RouterOS": "RouterOS\\Laravel\\Facade"
                    },
                    "providers": [
                        "RouterOS\\Laravel\\ServiceProvider"
                    ]
                }
            },
            "autoload": {
                "psr-4": {
                    "RouterOS\\": "./src/"
                }
            },
            "notification-url": "https://packagist.org/downloads/",
            "license": [
                "MIT"
            ],
            "authors": [
                {
                    "name": "Paul Rock",
                    "email": "paul@drteam.rocks",
                    "homepage": "http://drteam.rocks/",
                    "role": "Developer"
                }
            ],
            "description": "Modern Mikrotik RouterOS API PHP client for your applications (with Laravel support)",
            "keywords": [
                "PSR-4",
                "facade",
                "laravel",
                "mikrotik",
                "plugin",
                "routeros",
                "socket-client"
            ],
            "support": {
                "issues": "https://github.com/EvilFreelancer/routeros-api-php/issues",
                "source": "https://github.com/EvilFreelancer/routeros-api-php/tree/1.7.1"
            },
            "funding": [
                {
                    "url": "https://boosty.to/evilfreelancer",
                    "type": "custom"
                },
                {
                    "url": "https://pay.cloudtips.ru/p/937f48ac",
                    "type": "custom"
                }
            ],
            "time": "2026-06-08T14:26:40+00:00"
        },
        {
            "name": "pocketarc/codeigniter",
            "version": "3.4.4",
            "source": {
                "type": "git",
                "url": "https://github.com/pocketarc/codeigniter.git",
                "reference": "fb57d3519fa929a35e78e279c3dcdd5cc47b2456"
            },
            "dist": {
                "type": "zip",
                "url": "https://api.github.com/repos/pocketarc/codeigniter/zipball/fb57d3519fa929a35e78e279c3dcdd5cc47b2456",
                "reference": "fb57d3519fa929a35e78e279c3dcdd5cc47b2456",
                "shasum": ""
            },
            "require": {
                "php": ">=5.4.8"
            },
            "require-dev": {
                "mikey179/vfsstream": "1.6.*",
                "phpunit/phpunit": "4.* || 5.* || 8.* || 9.*"
            },
            "suggest": {
                "paragonie/random_compat": "Provides better randomness in PHP 5.x"
            },
            "type": "project",
            "notification-url": "https://packagist.org/downloads/",
            "license": [
                "MIT"
            ],
            "description": "Actively maintained CodeIgniter 3 fork with support for PHP 5.4 - PHP 8.5 (and beyond). Fully backward compatible.",
            "homepage": "https://github.com/pocketarc/codeigniter",
            "support": {
                "issues": "https://github.com/pocketarc/codeigniter/issues",
                "source": "https://github.com/pocketarc/codeigniter"
            },
            "time": "2026-07-18T22:23:24+00:00"
        },
        {
            "name": "spatie/ssh",
            "version": "1.13.2",
            "source": {
                "type": "git",
                "url": "https://github.com/spatie/ssh.git",
                "reference": "3335ab102d1ad3e2cabc4e1079cd8b03f59bcd64"
            },
            "dist": {
                "type": "zip",
                "url": "https://api.github.com/repos/spatie/ssh/zipball/3335ab102d1ad3e2cabc4e1079cd8b03f59bcd64",
                "reference": "3335ab102d1ad3e2cabc4e1079cd8b03f59bcd64",
                "shasum": ""
            },
            "require": {
                "php": "^7.4|^8.0",
                "symfony/process": "^4.4|^5.3|^6.0|^7.0|^8.0"
            },
            "require-dev": {
                "pestphp/pest": "^1.22",
                "spatie/pest-plugin-snapshots": "^1.1",
                "symfony/var-dumper": "^5.3|^6.0|^7.0|^8.0"
            },
            "type": "library",
            "autoload": {
                "psr-4": {
                    "Spatie\\Ssh\\": "src"
                }
            },
            "notification-url": "https://packagist.org/downloads/",
            "license": [
                "MIT"
            ],
            "authors": [
                {
                    "name": "Freek Van der Herten",
                    "email": "freek@spatie.be",
                    "homepage": "https://spatie.be",
                    "role": "Developer"
                }
            ],
            "description": "A lightweight package to execute commands over an SSH connection",
            "homepage": "https://github.com/spatie/ssh",
            "keywords": [
                "spatie",
                "ssh"
            ],
            "support": {
                "issues": "https://github.com/spatie/ssh/issues",
                "source": "https://github.com/spatie/ssh/tree/1.13.2"
            },
            "funding": [
                {
                    "url": "https://spatie.be/open-source/support-us",
                    "type": "custom"
                }
            ],
            "time": "2026-07-24T12:17:04+00:00"
        },
        {
            "name": "symfony/process",
            "version": "v7.4.17",
            "source": {
                "type": "git",
                "url": "https://github.com/symfony/process.git",
                "reference": "058d17fc284cce14efb2385783b55014a461b176"
            },
            "dist": {
                "type": "zip",
                "url": "https://api.github.com/repos/symfony/process/zipball/058d17fc284cce14efb2385783b55014a461b176",
                "reference": "058d17fc284cce14efb2385783b55014a461b176",
                "shasum": ""
            },
            "require": {
                "php": ">=8.2"
            },
            "type": "library",
            "autoload": {
                "psr-4": {
                    "Symfony\\Component\\Process\\": ""
                },
                "exclude-from-classmap": [
                    "/Tests/"
                ]
            },
            "notification-url": "https://packagist.org/downloads/",
            "license": [
                "MIT"
            ],
            "authors": [
                {
                    "name": "Fabien Potencier",
                    "email": "fabien@symfony.com"
                },
                {
                    "name": "Symfony Community",
                    "homepage": "https://symfony.com/contributors"
                }
            ],
            "description": "Executes commands in sub-processes",
            "homepage": "https://symfony.com",
            "support": {
                "source": "https://github.com/symfony/process/tree/v7.4.17"
            },
            "funding": [
                {
                    "url": "https://symfony.com/sponsor",
                    "type": "custom"
                },
                {
                    "url": "https://github.com/fabpot",
                    "type": "github"
                },
                {
                    "url": "https://github.com/nicolas-grekas",
                    "type": "github"
                },
                {
                    "url": "https://tidelift.com/funding/github/packagist/symfony/symfony",
                    "type": "tidelift"
                }
            ],
            "time": "2026-08-21T17:40:08+00:00"
        }
    ],
    "packages-dev": [],
    "aliases": [],
    "minimum-stability": "stable",
    "stability-flags": {},
    "prefer-stable": false,
    "prefer-lowest": false,
    "platform": {},
    "platform-dev": {},
    "plugin-api-version": "2.9.0"
}
